<?xml version="1.0" encoding="utf-8"?>
<Project ToolsVersion="4.0" xmlns="http://schemas.microsoft.com/developer/msbuild/2003">
  <ItemGroup>
    <Filter Include="Header Files">
      <UniqueIdentifier>{8c66158d-0a6a-4a3a-ada1-6ed364c0f089}</UniqueIdentifier>
      <Extensions>h;hpp;hxx;hm;inl</Extensions>
    </Filter>
    <Filter Include="Source Files">
      <UniqueIdentifier>{8fbe26b8-abbb-4521-a965-2850667231f1}</UniqueIdentifier>
      <Extensions>cpp;c;cxx;rc;def;r;odl;idl;hpj;bat</Extensions>
    </Filter>
  </ItemGroup>
  <ItemGroup>
    <ClCompile Include="appLib.c">
      <Filter>Source Files</Filter>
    </ClCompile>
    <ClCompile Include="FileOper.c">
      <Filter>Source Files</Filter>
    </ClCompile>
    <ClCompile Include="lng.c">
      <Filter>Source Files</Filter>
    </ClCompile>
    <ClCompile Include="main.c">
      <Filter>Source Files</Filter>
    </ClCompile>
    <ClCompile Include="setup.c">
      <Filter>Source Files</Filter>
    </ClCompile>
    <ClCompile Include="SxxCom.c">
      <Filter>Source Files</Filter>
    </ClCompile>
    <ClCompile Include="TranProc.c">
      <Filter>Source Files</Filter>
    </ClCompile>
    <ClCompile Include="util.c">
      <Filter>Source Files</Filter>
    </ClCompile>
    <ClCompile Include="Vtef.c">
      <Filter>Source Files</Filter>
    </ClCompile>
    <ClCompile Include="Wifi.c">
      <Filter>Source Files</Filter>
    </ClCompile>
    <ClCompile Include="xmlParser.c">
      <Filter>Source Files</Filter>
    </ClCompile>
    <ClCompile Include="xmlProc.c">
      <Filter>Source Files</Filter>
    </ClCompile>
    <ClCompile Include="sslcomm.c">
      <Filter>Source Files</Filter>
    </ClCompile>
    <ClCompile Include="Logo.c">
      <Filter>Source Files</Filter>
    </ClCompile>
  </ItemGroup>
  <ItemGroup>
    <ClInclude Include="appLib.h">
      <Filter>Header Files</Filter>
    </ClInclude>
    <ClInclude Include="emvlib.h">
      <Filter>Header Files</Filter>
    </ClInclude>
    <ClInclude Include="FileOper.h">
      <Filter>Header Files</Filter>
    </ClInclude>
    <ClInclude Include="gzip.h">
      <Filter>Header Files</Filter>
    </ClInclude>
    <ClInclude Include="lng.h">
      <Filter>Header Files</Filter>
    </ClInclude>
    <ClInclude Include="Logo.h">
      <Filter>Header Files</Filter>
    </ClInclude>
    <ClInclude Include="ppc_type.h">
      <Filter>Header Files</Filter>
    </ClInclude>
    <ClInclude Include="ppcomp.h">
      <Filter>Header Files</Filter>
    </ClInclude>
    <ClInclude Include="setup.h">
      <Filter>Header Files</Filter>
    </ClInclude>
    <ClInclude Include="SxxCom.h">
      <Filter>Header Files</Filter>
    </ClInclude>
    <ClInclude Include="TranProc.h">
      <Filter>Header Files</Filter>
    </ClInclude>
    <ClInclude Include="util.h">
      <Filter>Header Files</Filter>
    </ClInclude>
    <ClInclude Include="Vtef.h">
      <Filter>Header Files</Filter>
    </ClInclude>
    <ClInclude Include="Wifi.h">
      <Filter>Header Files</Filter>
    </ClInclude>
    <ClInclude Include="xmlParser.h">
      <Filter>Header Files</Filter>
    </ClInclude>
    <ClInclude Include="xmlProc.h">
      <Filter>Header Files</Filter>
    </ClInclude>
    <ClInclude Include="sslapi.h">
      <Filter>Header Files</Filter>
    </ClInclude>
    <ClInclude Include="sslcomm.h">
      <Filter>Header Files</Filter>
    </ClInclude>
    <ClInclude Include="global.h">
      <Filter>Header Files</Filter>
    </ClInclude>
  </ItemGroup>
</Project>